
Microsoft Visual Studio Solution File, Format Version 12.00
# Visual Studio 15
VisualStudioVersion = 15.0.27130.2036
MinimumVisualStudioVersion = 10.0.40219.1
Project("{2150E333-8FDC-42A3-9474-1A3956D46DE8}") = "Web", "Web", "{6E848923-158F-40C7-91DE-81A82B9F4441}"
EndProject
Project("{9A19103F-16F7-4668-BE54-9A1E7A4F7556}") = "eShop.Web", "Web\eShop.Web\eShop.Web.csproj", "{31A20A9E-20DF-4DC0-9023-AEDFFBBDA3F5}"
EndProject
Project("{2150E333-8FDC-42A3-9474-1A3956D46DE8}") = "Data", "Data", "{553A00AF-D280-4E9E-B13F-D39FE2D66C69}"
EndProject
Project("{9A19103F-16F7-4668-BE54-9A1E7A4F7556}") = "eShop.Data", "Data\eShop.Data\eShop.Data.csproj", "{F398EC46-A053-4BCD-94B3-EBD209EE7442}"
EndProject
Project("{9A19103F-16F7-4668-BE54-9A1E7A4F7556}") = "eShop.Data.Models", "Data\eShop.Data.Models\eShop.Data.Models.csproj", "{273FF989-1181-4709-B7F3-9CAE3EBBBBA3}"
EndProject
Project("{2150E333-8FDC-42A3-9474-1A3956D46DE8}") = "Services", "Services", "{478531FD-51E5-4573-B727-AF918D3948A4}"
EndProject
Project("{9A19103F-16F7-4668-BE54-9A1E7A4F7556}") = "eShop.Services", "Services\eShop.Services\eShop.Services.csproj", "{D9324F91-FEE2-4F0B-9F5F-5D7F81B1F4E2}"
EndProject
Project("{2150E333-8FDC-42A3-9474-1A3956D46DE8}") = "Common", "Common", "{CE2B8B7A-4159-4DDA-B8BC-B375E5F30228}"
EndProject
Project("{9A19103F-16F7-4668-BE54-9A1E7A4F7556}") = "eShop.Common", "Common\eShop.Common\eShop.Common.csproj", "{995FDE08-7AF9-44D0-BF24-592663D258B1}"
EndProject
Project("{FAE04EC0-301F-11D3-BF4B-00C04F79EFBC}") = "eShop.Web.Infrastructure", "Web\eShop.Web.Infrastructure\eShop.Web.Infrastructure.csproj", "{09005598-7A16-4624-9D92-575244646874}"
EndProject
Project("{FAE04EC0-301F-11D3-BF4B-00C04F79EFBC}") = "eShop.Services.Messaging", "Services\eShop.Services.Messaging\eShop.Services.Messaging.csproj", "{89EE767B-D762-49C9-B01A-7FBDD30DA48C}"
EndProject
Global
	GlobalSection(SolutionConfigurationPlatforms) = preSolution
		Debug|Any CPU = Debug|Any CPU
		Release|Any CPU = Release|Any CPU
	EndGlobalSection
	GlobalSection(ProjectConfigurationPlatforms) = postSolution
		{31A20A9E-20DF-4DC0-9023-AEDFFBBDA3F5}.Debug|Any CPU.ActiveCfg = Debug|Any CPU
		{31A20A9E-20DF-4DC0-9023-AEDFFBBDA3F5}.Debug|Any CPU.Build.0 = Debug|Any CPU
		{31A20A9E-20DF-4DC0-9023-AEDFFBBDA3F5}.Release|Any CPU.ActiveCfg = Release|Any CPU
		{31A20A9E-20DF-4DC0-9023-AEDFFBBDA3F5}.Release|Any CPU.Build.0 = Release|Any CPU
		{F398EC46-A053-4BCD-94B3-EBD209EE7442}.Debug|Any CPU.ActiveCfg = Debug|Any CPU
		{F398EC46-A053-4BCD-94B3-EBD209EE7442}.Debug|Any CPU.Build.0 = Debug|Any CPU
		{F398EC46-A053-4BCD-94B3-EBD209EE7442}.Release|Any CPU.ActiveCfg = Release|Any CPU
		{F398EC46-A053-4BCD-94B3-EBD209EE7442}.Release|Any CPU.Build.0 = Release|Any CPU
		{273FF989-1181-4709-B7F3-9CAE3EBBBBA3}.Debug|Any CPU.ActiveCfg = Debug|Any CPU
		{273FF989-1181-4709-B7F3-9CAE3EBBBBA3}.Debug|Any CPU.Build.0 = Debug|Any CPU
		{273FF989-1181-4709-B7F3-9CAE3EBBBBA3}.Release|Any CPU.ActiveCfg = Release|Any CPU
		{273FF989-1181-4709-B7F3-9CAE3EBBBBA3}.Release|Any CPU.Build.0 = Release|Any CPU
		{D9324F91-FEE2-4F0B-9F5F-5D7F81B1F4E2}.Debug|Any CPU.ActiveCfg = Debug|Any CPU
		{D9324F91-FEE2-4F0B-9F5F-5D7F81B1F4E2}.Debug|Any CPU.Build.0 = Debug|Any CPU
		{D9324F91-FEE2-4F0B-9F5F-5D7F81B1F4E2}.Release|Any CPU.ActiveCfg = Release|Any CPU
		{D9324F91-FEE2-4F0B-9F5F-5D7F81B1F4E2}.Release|Any CPU.Build.0 = Release|Any CPU
		{995FDE08-7AF9-44D0-BF24-592663D258B1}.Debug|Any CPU.ActiveCfg = Debug|Any CPU
		{995FDE08-7AF9-44D0-BF24-592663D258B1}.Debug|Any CPU.Build.0 = Debug|Any CPU
		{995FDE08-7AF9-44D0-BF24-592663D258B1}.Release|Any CPU.ActiveCfg = Release|Any CPU
		{995FDE08-7AF9-44D0-BF24-592663D258B1}.Release|Any CPU.Build.0 = Release|Any CPU
		{09005598-7A16-4624-9D92-575244646874}.Debug|Any CPU.ActiveCfg = Debug|Any CPU
		{09005598-7A16-4624-9D92-575244646874}.Debug|Any CPU.Build.0 = Debug|Any CPU
		{09005598-7A16-4624-9D92-575244646874}.Release|Any CPU.ActiveCfg = Release|Any CPU
		{09005598-7A16-4624-9D92-575244646874}.Release|Any CPU.Build.0 = Release|Any CPU
		{89EE767B-D762-49C9-B01A-7FBDD30DA48C}.Debug|Any CPU.ActiveCfg = Debug|Any CPU
		{89EE767B-D762-49C9-B01A-7FBDD30DA48C}.Debug|Any CPU.Build.0 = Debug|Any CPU
		{89EE767B-D762-49C9-B01A-7FBDD30DA48C}.Release|Any CPU.ActiveCfg = Release|Any CPU
		{89EE767B-D762-49C9-B01A-7FBDD30DA48C}.Release|Any CPU.Build.0 = Release|Any CPU
	EndGlobalSection
	GlobalSection(SolutionProperties) = preSolution
		HideSolutionNode = FALSE
	EndGlobalSection
	GlobalSection(NestedProjects) = preSolution
		{31A20A9E-20DF-4DC0-9023-AEDFFBBDA3F5} = {6E848923-158F-40C7-91DE-81A82B9F4441}
		{F398EC46-A053-4BCD-94B3-EBD209EE7442} = {553A00AF-D280-4E9E-B13F-D39FE2D66C69}
		{273FF989-1181-4709-B7F3-9CAE3EBBBBA3} = {553A00AF-D280-4E9E-B13F-D39FE2D66C69}
		{D9324F91-FEE2-4F0B-9F5F-5D7F81B1F4E2} = {478531FD-51E5-4573-B727-AF918D3948A4}
		{995FDE08-7AF9-44D0-BF24-592663D258B1} = {CE2B8B7A-4159-4DDA-B8BC-B375E5F30228}
		{09005598-7A16-4624-9D92-575244646874} = {6E848923-158F-40C7-91DE-81A82B9F4441}
		{89EE767B-D762-49C9-B01A-7FBDD30DA48C} = {478531FD-51E5-4573-B727-AF918D3948A4}
	EndGlobalSection
	GlobalSection(ExtensibilityGlobals) = postSolution
		SolutionGuid = {DBDEF820-BE07-4506-9FCC-7AFBD46421BD}
	EndGlobalSection
EndGlobal
