
Microsoft Visual Studio Solution File, Format Version 12.00
# Visual Studio 15
VisualStudioVersion = 15.0.27130.2036
MinimumVisualStudioVersion = 10.0.40219.1
Project("{2150E333-8FDC-42A3-9474-1A3956D46DE8}") = "Web", "Web", "{6E848923-158F-40C7-91DE-81A82B9F4441}"
EndProject
Project("{FAE04EC0-301F-11D3-BF4B-00C04F79EFBC}") = "eShop.Web", "Web\eShop.Web\eShop.Web.csproj", "{31A20A9E-20DF-4DC0-9023-AEDFFBBDA3F5}"
EndProject
Global
	GlobalSection(SolutionConfigurationPlatforms) = preSolution
		Debug|Any CPU = Debug|Any CPU
		Release|Any CPU = Release|Any CPU
	EndGlobalSection
	GlobalSection(ProjectConfigurationPlatforms) = postSolution
		{31A20A9E-20DF-4DC0-9023-AEDFFBBDA3F5}.Debug|Any CPU.ActiveCfg = Debug|Any CPU
		{31A20A9E-20DF-4DC0-9023-AEDFFBBDA3F5}.Debug|Any CPU.Build.0 = Debug|Any CPU
		{31A20A9E-20DF-4DC0-9023-AEDFFBBDA3F5}.Release|Any CPU.ActiveCfg = Release|Any CPU
		{31A20A9E-20DF-4DC0-9023-AEDFFBBDA3F5}.Release|Any CPU.Build.0 = Release|Any CPU
	EndGlobalSection
	GlobalSection(SolutionProperties) = preSolution
		HideSolutionNode = FALSE
	EndGlobalSection
	GlobalSection(NestedProjects) = preSolution
		{31A20A9E-20DF-4DC0-9023-AEDFFBBDA3F5} = {6E848923-158F-40C7-91DE-81A82B9F4441}
	EndGlobalSection
	GlobalSection(ExtensibilityGlobals) = postSolution
		SolutionGuid = {DBDEF820-BE07-4506-9FCC-7AFBD46421BD}
	EndGlobalSection
EndGlobal
